{
  "name": "microproxy",
  "version": "1.0.0",
  "lockfileVersion": 3,
  "requires": true,
  "packages": {
    "": {
      "name": "microproxy",
      "version": "1.0.0",
      "dependencies": {
        "http-proxy": "^1.18.1",
        "read-env": "^2.0.0"
      }
    },
    "node_modules/@types/camelcase": {
      "version": "5.2.0",
      "resolved": "https://registry.npmjs.org/@types/camelcase/-/camelcase-5.2.0.tgz",
      "integrity": "sha512-zhHaryYYUUsJ1h6Rq4hisPkljY7c2bkC5PFYQbom5fyKloGJEDK+wdsw2L4hnBwXr4plGjW6D/UVJBbNbOzVpQ==",
      "deprecated": "This is a stub types definition. camelcase provides its own type definitions, so you do not need this installed.",
      "license": "MIT",
      "dependencies": {
        "camelcase": "*"
      }
    },
    "node_modules/camelcase": {
      "version": "5.3.1",
      "resolved": "https://registry.npmjs.org/camelcase/-/camelcase-5.3.1.tgz",
      "integrity": "sha512-L28STB170nwWS63UjtlEOE3dldQApaJXZkOI1uMFfzf3rRuPegHaHesyee+YxQ+W6SvRDQV6UrdOdRiR153wJg==",
      "license": "MIT",
      "engines": {
        "node": ">=6"
      }
    },
    "node_modules/eventemitter3": {
      "version": "4.0.7",
      "resolved": "https://registry.npmjs.org/eventemitter3/-/eventemitter3-4.0.7.tgz",
      "integrity": "sha512-8guHBZCwKnFhYdHr2ysuRWErTwhoN2X8XELRlrRwpmfeY2jjuUN4taQMsULKUVo1K4DvZl+0pgfyoysHxvmvEw==",
      "license": "MIT"
    },
    "node_modules/follow-redirects": {
      "version": "1.15.9",
      "resolved": "https://registry.npmjs.org/follow-redirects/-/follow-redirects-1.15.9.tgz",
      "integrity": "sha512-gew4GsXizNgdoRyqmyfMHyAmXsZDk6mHkSxZFCzW9gwlbtOW44CDtYavM+y+72qD/Vq2l550kMF52DT8fOLJqQ==",
      "funding": [
        {
          "type": "individual",
          "url": "https://github.com/sponsors/RubenVerborgh"
        }
      ],
      "license": "MIT",
      "engines": {
        "node": ">=4.0"
      },
      "peerDependenciesMeta": {
        "debug": {
          "optional": true
        }
      }
    },
    "node_modules/http-proxy": {
      "version": "1.18.1",
      "resolved": "https://registry.npmjs.org/http-proxy/-/http-proxy-1.18.1.tgz",
      "integrity": "sha512-7mz/721AbnJwIVbnaSv1Cz3Am0ZLT/UBwkC92VlxhXv/k/BBQfM2fXElQNC27BVGr0uwUpplYPQM9LnaBMR5NQ==",
      "license": "MIT",
      "dependencies": {
        "eventemitter3": "^4.0.0",
        "follow-redirects": "^1.0.0",
        "requires-port": "^1.0.0"
      },
      "engines": {
        "node": ">=8.0.0"
      }
    },
    "node_modules/read-env": {
      "version": "2.0.0",
      "resolved": "https://registry.npmjs.org/read-env/-/read-env-2.0.0.tgz",
      "integrity": "sha512-gCuo85JH2aWt23HVeFzUUhpLzCRtc9O0jjvpMDG/3vue2aOp7/XllAQjSyL8xGqBifGNYbnWLE0PAqi4AWMBlA==",
      "license": "MIT",
      "dependencies": {
        "@types/camelcase": "5.2.0",
        "camelcase": "5.3.1"
      }
    },
    "node_modules/requires-port": {
      "version": "1.0.0",
      "resolved": "https://registry.npmjs.org/requires-port/-/requires-port-1.0.0.tgz",
      "integrity": "sha512-KigOCHcocU3XODJxsu8i/j8T9tzT4adHiecwORRQ0ZZFcp7ahwXuRU1m+yuO90C5ZUyGeGfocHDI14M3L3yDAQ==",
      "license": "MIT"
    }
  }
}
